
Microsoft Visual Studio Solution File, Format Version 12.00
# Visual Studio Version 17
VisualStudioVersion = 17.8.34330.188
MinimumVisualStudioVersion = 10.0.40219.1
Project("{FAE04EC0-301F-11D3-BF4B-00C04F79EFBC}") = "StardewAstronomy", "StardewAstronomy\StardewAstronomy.csproj", "{B7B8F3F8-5B79-437C-9EF2-1B22D26B5935}"
EndProject
Global
	GlobalSection(SolutionConfigurationPlatforms) = preSolution
		Debug|Any CPU = Debug|Any CPU
		Release|Any CPU = Release|Any CPU
	EndGlobalSection
	GlobalSection(ProjectConfigurationPlatforms) = postSolution
		{B7B8F3F8-5B79-437C-9EF2-1B22D26B5935}.Debug|Any CPU.ActiveCfg = Debug|Any CPU
		{B7B8F3F8-5B79-437C-9EF2-1B22D26B5935}.Debug|Any CPU.Build.0 = Debug|Any CPU
		{B7B8F3F8-5B79-437C-9EF2-1B22D26B5935}.Release|Any CPU.ActiveCfg = Release|Any CPU
		{B7B8F3F8-5B79-437C-9EF2-1B22D26B5935}.Release|Any CPU.Build.0 = Release|Any CPU
	EndGlobalSection
	GlobalSection(SolutionProperties) = preSolution
		HideSolutionNode = FALSE
	EndGlobalSection
	GlobalSection(ExtensibilityGlobals) = postSolution
		SolutionGuid = {CD2012B3-E255-42D6-9160-F6C5D4416074}
	EndGlobalSection
EndGlobal
